// !$*UTF8*$!
{
	archiveVersion = 1;
	classes = {
	};
	objectVersion = 52;
	objects = {

/* Begin PBXBuildFile section */
		AC1428D92412B80500BDBD27 /* CadastroMembroViewController.swift in Sources */ = {isa = PBXBuildFile; fileRef = AC1428D72412B80500BDBD27 /* CadastroMembroViewController.swift */; };
		AC1428DA2412B80500BDBD27 /* CadastroMembroViewController.xib in Resources */ = {isa = PBXBuildFile; fileRef = AC1428D82412B80500BDBD27 /* CadastroMembroViewController.xib */; };
		AC1A0DAB23F470970037AAB7 /* DetalhesTarefaViewController.swift in Sources */ = {isa = PBXBuildFile; fileRef = AC1A0DA923F470970037AAB7 /* DetalhesTarefaViewController.swift */; };
		AC1A0DAC23F470970037AAB7 /* DetalhesTarefaViewController.xib in Resources */ = {isa = PBXBuildFile; fileRef = AC1A0DAA23F470970037AAB7 /* DetalhesTarefaViewController.xib */; };
		AC1BB46423EDD90300AA88F5 /* HomeViewController.swift in Sources */ = {isa = PBXBuildFile; fileRef = AC1BB46323EDD90300AA88F5 /* HomeViewController.swift */; };
		AC2BCD972434489F000CEFD6 /* ConclusaoTarefaViewController.swift in Sources */ = {isa = PBXBuildFile; fileRef = AC2BCD952434489F000CEFD6 /* ConclusaoTarefaViewController.swift */; };
		AC2BCD982434489F000CEFD6 /* ConclusaoTarefaViewController.xib in Resources */ = {isa = PBXBuildFile; fileRef = AC2BCD962434489F000CEFD6 /* ConclusaoTarefaViewController.xib */; };
		AC34D1882427B86400C76BA7 /* ComprovacaoViewCell.xib in Resources */ = {isa = PBXBuildFile; fileRef = AC34D1872427B86400C76BA7 /* ComprovacaoViewCell.xib */; };
		AC34D18A2427B8FE00C76BA7 /* DiaDaSemanaTableViewCell.swift in Sources */ = {isa = PBXBuildFile; fileRef = AC34D1892427B8FE00C76BA7 /* DiaDaSemanaTableViewCell.swift */; };
		AC34D18C2427B94800C76BA7 /* ComprovacaoTableViewCell.swift in Sources */ = {isa = PBXBuildFile; fileRef = AC34D18B2427B94800C76BA7 /* ComprovacaoTableViewCell.swift */; };
		AC362A39242ED7BB00A6DAE1 /* DetalhesUsuarioViewController.swift in Sources */ = {isa = PBXBuildFile; fileRef = AC362A37242ED7BB00A6DAE1 /* DetalhesUsuarioViewController.swift */; };
		AC362A3A242ED7BB00A6DAE1 /* DetalhesUsuarioViewController.xib in Resources */ = {isa = PBXBuildFile; fileRef = AC362A38242ED7BB00A6DAE1 /* DetalhesUsuarioViewController.xib */; };
		AC36367D2423E7E3001D90DF /* DiasDaSemanaTableViewController.swift in Sources */ = {isa = PBXBuildFile; fileRef = AC36367B2423E7E3001D90DF /* DiasDaSemanaTableViewController.swift */; };
		AC36367E2423E7E3001D90DF /* DiasDaSemanaTableViewController.xib in Resources */ = {isa = PBXBuildFile; fileRef = AC36367C2423E7E3001D90DF /* DiasDaSemanaTableViewController.xib */; };
		AC363688242411B8001D90DF /* DiaDaSemanaViewCell.xib in Resources */ = {isa = PBXBuildFile; fileRef = AC363687242411B8001D90DF /* DiaDaSemanaViewCell.xib */; };
		AC3A2708243157F5009A9E09 /* TarefasTableViewController.swift in Sources */ = {isa = PBXBuildFile; fileRef = AC3A2706243157F5009A9E09 /* TarefasTableViewController.swift */; };
		AC3C2F7F24305895002E0564 /* TarefasDashViewController.swift in Sources */ = {isa = PBXBuildFile; fileRef = AC3C2F7E24305895002E0564 /* TarefasDashViewController.swift */; };
		AC48556B24083CDA009D81AA /* Tela1ViewController.swift in Sources */ = {isa = PBXBuildFile; fileRef = AC48556924083CDA009D81AA /* Tela1ViewController.swift */; };
		AC48556C24083CDA009D81AA /* Tela1ViewController.xib in Resources */ = {isa = PBXBuildFile; fileRef = AC48556A24083CDA009D81AA /* Tela1ViewController.xib */; };
		AC48557124083DF6009D81AA /* Tela2ViewController.swift in Sources */ = {isa = PBXBuildFile; fileRef = AC48556F24083DF6009D81AA /* Tela2ViewController.swift */; };
		AC48557224083DF6009D81AA /* Tela2ViewController.xib in Resources */ = {isa = PBXBuildFile; fileRef = AC48557024083DF6009D81AA /* Tela2ViewController.xib */; };
		AC4D949C240C1748002CF0DB /* MetasCollectionViewCell.swift in Sources */ = {isa = PBXBuildFile; fileRef = AC4D949A240C1748002CF0DB /* MetasCollectionViewCell.swift */; };
		AC4D949D240C1748002CF0DB /* TarefasCollectionViewCell.swift in Sources */ = {isa = PBXBuildFile; fileRef = AC4D949B240C1748002CF0DB /* TarefasCollectionViewCell.swift */; };
		AC4D94A0240C2F72002CF0DB /* UsuarioDao.swift in Sources */ = {isa = PBXBuildFile; fileRef = AC4D949F240C2F72002CF0DB /* UsuarioDao.swift */; };
		AC5109DB241748FB00113FB1 /* MetaTableViewCell.swift in Sources */ = {isa = PBXBuildFile; fileRef = AC5109DA241748FB00113FB1 /* MetaTableViewCell.swift */; };
		AC5109E02417582800113FB1 /* ScannerQRCodeViewController.swift in Sources */ = {isa = PBXBuildFile; fileRef = AC5109DE2417582800113FB1 /* ScannerQRCodeViewController.swift */; };
		AC5109E12417582800113FB1 /* ScannerQRCodeViewController.xib in Resources */ = {isa = PBXBuildFile; fileRef = AC5109DF2417582800113FB1 /* ScannerQRCodeViewController.xib */; };
		AC5109E52417686E00113FB1 /* CadastroUsuarioViewController.swift in Sources */ = {isa = PBXBuildFile; fileRef = AC5109E32417686E00113FB1 /* CadastroUsuarioViewController.swift */; };
		AC5109E62417686E00113FB1 /* CadastroUsuarioViewController.xib in Resources */ = {isa = PBXBuildFile; fileRef = AC5109E42417686E00113FB1 /* CadastroUsuarioViewController.xib */; };
		AC58EE23241616DE00CEB18B /* CadastroMetaViewController.swift in Sources */ = {isa = PBXBuildFile; fileRef = AC58EE21241616DE00CEB18B /* CadastroMetaViewController.swift */; };
		AC58EE24241616DE00CEB18B /* CadastroMetaViewController.xib in Resources */ = {isa = PBXBuildFile; fileRef = AC58EE22241616DE00CEB18B /* CadastroMetaViewController.xib */; };
		AC58EE26241622DB00CEB18B /* MetaDao.swift in Sources */ = {isa = PBXBuildFile; fileRef = AC58EE25241622DB00CEB18B /* MetaDao.swift */; };
		AC58EE282416234500CEB18B /* Meta.swift in Sources */ = {isa = PBXBuildFile; fileRef = AC58EE272416234500CEB18B /* Meta.swift */; };
		AC6123A923F25D2F00C4DEA1 /* TarefaTableViewCell.swift in Sources */ = {isa = PBXBuildFile; fileRef = AC6123A823F25D2F00C4DEA1 /* TarefaTableViewCell.swift */; };
		AC654E0624365D0100043169 /* CardCollectionViewCell.swift in Sources */ = {isa = PBXBuildFile; fileRef = AC654E0524365D0100043169 /* CardCollectionViewCell.swift */; };
		AC654E082436719700043169 /* DateUtil.swift in Sources */ = {isa = PBXBuildFile; fileRef = AC654E072436719700043169 /* DateUtil.swift */; };
		AC6F18D6240AA9E8003DC31D /* Alamofire in Frameworks */ = {isa = PBXBuildFile; productRef = AC6F18D5240AA9E8003DC31D /* Alamofire */; };
		AC702FC923FC4DD500F86049 /* ConviteViewController.swift in Sources */ = {isa = PBXBuildFile; fileRef = AC702FC723FC4DD500F86049 /* ConviteViewController.swift */; };
		AC702FCA23FC4DD500F86049 /* ConviteViewController.xib in Resources */ = {isa = PBXBuildFile; fileRef = AC702FC823FC4DD500F86049 /* ConviteViewController.xib */; };
		AC702FCC23FCC6C700F86049 /* Mensagem.swift in Sources */ = {isa = PBXBuildFile; fileRef = AC702FCB23FCC6C700F86049 /* Mensagem.swift */; };
		AC702FCF23FCC74500F86049 /* Usuario.swift in Sources */ = {isa = PBXBuildFile; fileRef = AC702FCE23FCC74500F86049 /* Usuario.swift */; };
		AC7461F5240EC7C1000795C6 /* PerfilViewController.swift in Sources */ = {isa = PBXBuildFile; fileRef = AC7461F4240EC7C1000795C6 /* PerfilViewController.swift */; };
		AC7927CD2424566C0082DAAC /* MembroTableViewCell.swift in Sources */ = {isa = PBXBuildFile; fileRef = AC7927CC2424566C0082DAAC /* MembroTableViewCell.swift */; };
		AC7927CF24245A0C0082DAAC /* Tarefa.swift in Sources */ = {isa = PBXBuildFile; fileRef = AC7927CE24245A0C0082DAAC /* Tarefa.swift */; };
		AC7927D22424601C0082DAAC /* ListaMembrosTableViewController.swift in Sources */ = {isa = PBXBuildFile; fileRef = AC7927D02424601C0082DAAC /* ListaMembrosTableViewController.swift */; };
		AC7927D32424601C0082DAAC /* ListaMembrosTableViewController.xib in Resources */ = {isa = PBXBuildFile; fileRef = AC7927D12424601C0082DAAC /* ListaMembrosTableViewController.xib */; };
		AC794AD9243F998600F50F4C /* GoogleService-Info.plist in Resources */ = {isa = PBXBuildFile; fileRef = AC794AD8243F998600F50F4C /* GoogleService-Info.plist */; };
		AC852B7224271F22001D86E4 /* TarefaDao.swift in Sources */ = {isa = PBXBuildFile; fileRef = AC852B7124271F22001D86E4 /* TarefaDao.swift */; };
		AC85E1CC24198020009D4310 /* MembrosViewController.swift in Sources */ = {isa = PBXBuildFile; fileRef = AC85E1CB24198020009D4310 /* MembrosViewController.swift */; };
		AC8B01A323FCCB8100F4B79E /* MenuOpcoesEnvio.swift in Sources */ = {isa = PBXBuildFile; fileRef = AC8B01A223FCCB8100F4B79E /* MenuOpcoesEnvio.swift */; };
		AC8BAA32241D392A00DEA8A6 /* SwiftyJSON in Frameworks */ = {isa = PBXBuildFile; productRef = AC8BAA31241D392A00DEA8A6 /* SwiftyJSON */; };
		AC8BAA35241D46D100DEA8A6 /* CadastrarTarefaViewController.swift in Sources */ = {isa = PBXBuildFile; fileRef = AC8BAA33241D46D100DEA8A6 /* CadastrarTarefaViewController.swift */; };
		AC8E4C3024345190008B595D /* FotoCollectionViewCell.swift in Sources */ = {isa = PBXBuildFile; fileRef = AC8E4C2E24345190008B595D /* FotoCollectionViewCell.swift */; };
		AC8E4C3124345190008B595D /* FotoCollectionViewCell.xib in Resources */ = {isa = PBXBuildFile; fileRef = AC8E4C2F24345190008B595D /* FotoCollectionViewCell.xib */; };
		AC8FC783243E607A00C48392 /* FirebaseDao.swift in Sources */ = {isa = PBXBuildFile; fileRef = AC8FC782243E607A00C48392 /* FirebaseDao.swift */; };
		AC9D47FB241812DE008ABF46 /* AjustesViewController.swift in Sources */ = {isa = PBXBuildFile; fileRef = AC9D47FA241812DE008ABF46 /* AjustesViewController.swift */; };
		ACADB82524152B060087FC24 /* Utils.swift in Sources */ = {isa = PBXBuildFile; fileRef = ACADB82424152B060087FC24 /* Utils.swift */; };
		ACB4504C2411E56800B4FF5F /* FamiliaDao.swift in Sources */ = {isa = PBXBuildFile; fileRef = ACB4504B2411E56800B4FF5F /* FamiliaDao.swift */; };
		ACB7C5A323EB35D60010D603 /* AppDelegate.swift in Sources */ = {isa = PBXBuildFile; fileRef = ACB7C5A223EB35D60010D603 /* AppDelegate.swift */; };
		ACB7C5A523EB35D60010D603 /* SceneDelegate.swift in Sources */ = {isa = PBXBuildFile; fileRef = ACB7C5A423EB35D60010D603 /* SceneDelegate.swift */; };
		ACB7C5AA23EB35D60010D603 /* Main.storyboard in Resources */ = {isa = PBXBuildFile; fileRef = ACB7C5A823EB35D60010D603 /* Main.storyboard */; };
		ACB7C5AC23EB35D70010D603 /* Assets.xcassets in Resources */ = {isa = PBXBuildFile; fileRef = ACB7C5AB23EB35D70010D603 /* Assets.xcassets */; };
		ACB7C5AF23EB35D70010D603 /* LaunchScreen.storyboard in Resources */ = {isa = PBXBuildFile; fileRef = ACB7C5AD23EB35D70010D603 /* LaunchScreen.storyboard */; };
		ACB7C5B723EB404E0010D603 /* LoginViewController.swift in Sources */ = {isa = PBXBuildFile; fileRef = ACB7C5B623EB404E0010D603 /* LoginViewController.swift */; };
		ACB7F961242A5981006267D4 /* Historico.swift in Sources */ = {isa = PBXBuildFile; fileRef = ACB7F960242A5981006267D4 /* Historico.swift */; };
		ACDA89052421DBD400F0488F /* CadastrarTarefaViewController.xib in Resources */ = {isa = PBXBuildFile; fileRef = ACDA89042421DBD400F0488F /* CadastrarTarefaViewController.xib */; };
		ACF264CA2416E36A00BC621E /* TabMetasViewController.swift in Sources */ = {isa = PBXBuildFile; fileRef = ACF264C92416E36A00BC621E /* TabMetasViewController.swift */; };
		ACFED43624098FA30094727F /* Configuration.swift in Sources */ = {isa = PBXBuildFile; fileRef = ACFED43524098FA30094727F /* Configuration.swift */; };
		FE6E4EF75E741B37344B5E9C /* Pods_FamilyDay.framework in Frameworks */ = {isa = PBXBuildFile; fileRef = DC06847E0BC8D0C412ED3EE8 /* Pods_FamilyDay.framework */; };
/* End PBXBuildFile section */

/* Begin PBXFileReference section */
		223242D465CAE040E143D103 /* Pods-FamilyDay.debug.xcconfig */ = {isa = PBXFileReference; includeInIndex = 1; lastKnownFileType = text.xcconfig; name = "Pods-FamilyDay.debug.xcconfig"; path = "Target Support Files/Pods-FamilyDay/Pods-FamilyDay.debug.xcconfig"; sourceTree = "<group>"; };
		88AC3E2E75B34BBB840D0616 /* Pods-FamilyDay.release.xcconfig */ = {isa = PBXFileReference; includeInIndex = 1; lastKnownFileType = text.xcconfig; name = "Pods-FamilyDay.release.xcconfig"; path = "Target Support Files/Pods-FamilyDay/Pods-FamilyDay.release.xcconfig"; sourceTree = "<group>"; };
		AC1428D72412B80500BDBD27 /* CadastroMembroViewController.swift */ = {isa = PBXFileReference; lastKnownFileType = sourcecode.swift; path = CadastroMembroViewController.swift; sourceTree = "<group>"; };
		AC1428D82412B80500BDBD27 /* CadastroMembroViewController.xib */ = {isa = PBXFileReference; lastKnownFileType = file.xib; path = CadastroMembroViewController.xib; sourceTree = "<group>"; };
		AC1A0DA923F470970037AAB7 /* DetalhesTarefaViewController.swift */ = {isa = PBXFileReference; lastKnownFileType = sourcecode.swift; path = DetalhesTarefaViewController.swift; sourceTree = "<group>"; };
		AC1A0DAA23F470970037AAB7 /* DetalhesTarefaViewController.xib */ = {isa = PBXFileReference; lastKnownFileType = file.xib; path = DetalhesTarefaViewController.xib; sourceTree = "<group>"; };
		AC1BB46323EDD90300AA88F5 /* HomeViewController.swift */ = {isa = PBXFileReference; lastKnownFileType = sourcecode.swift; path = HomeViewController.swift; sourceTree = "<group>"; };
		AC2BCD952434489F000CEFD6 /* ConclusaoTarefaViewController.swift */ = {isa = PBXFileReference; lastKnownFileType = sourcecode.swift; path = ConclusaoTarefaViewController.swift; sourceTree = "<group>"; };
		AC2BCD962434489F000CEFD6 /* ConclusaoTarefaViewController.xib */ = {isa = PBXFileReference; lastKnownFileType = file.xib; path = ConclusaoTarefaViewController.xib; sourceTree = "<group>"; };
		AC34D1872427B86400C76BA7 /* ComprovacaoViewCell.xib */ = {isa = PBXFileReference; lastKnownFileType = file.xib; path = ComprovacaoViewCell.xib; sourceTree = "<group>"; };
		AC34D1892427B8FE00C76BA7 /* DiaDaSemanaTableViewCell.swift */ = {isa = PBXFileReference; fileEncoding = 4; lastKnownFileType = sourcecode.swift; path = DiaDaSemanaTableViewCell.swift; sourceTree = "<group>"; };
		AC34D18B2427B94800C76BA7 /* ComprovacaoTableViewCell.swift */ = {isa = PBXFileReference; lastKnownFileType = sourcecode.swift; path = ComprovacaoTableViewCell.swift; sourceTree = "<group>"; };
		AC362A37242ED7BB00A6DAE1 /* DetalhesUsuarioViewController.swift */ = {isa = PBXFileReference; lastKnownFileType = sourcecode.swift; path = DetalhesUsuarioViewController.swift; sourceTree = "<group>"; };
		AC362A38242ED7BB00A6DAE1 /* DetalhesUsuarioViewController.xib */ = {isa = PBXFileReference; lastKnownFileType = file.xib; path = DetalhesUsuarioViewController.xib; sourceTree = "<group>"; };
		AC36367B2423E7E3001D90DF /* DiasDaSemanaTableViewController.swift */ = {isa = PBXFileReference; lastKnownFileType = sourcecode.swift; path = DiasDaSemanaTableViewController.swift; sourceTree = "<group>"; };
		AC36367C2423E7E3001D90DF /* DiasDaSemanaTableViewController.xib */ = {isa = PBXFileReference; lastKnownFileType = file.xib; path = DiasDaSemanaTableViewController.xib; sourceTree = "<group>"; };
		AC363687242411B8001D90DF /* DiaDaSemanaViewCell.xib */ = {isa = PBXFileReference; lastKnownFileType = file.xib; path = DiaDaSemanaViewCell.xib; sourceTree = "<group>"; };
		AC3A2706243157F5009A9E09 /* TarefasTableViewController.swift */ = {isa = PBXFileReference; lastKnownFileType = sourcecode.swift; path = TarefasTableViewController.swift; sourceTree = "<group>"; };
		AC3C2F7E24305895002E0564 /* TarefasDashViewController.swift */ = {isa = PBXFileReference; lastKnownFileType = sourcecode.swift; path = TarefasDashViewController.swift; sourceTree = "<group>"; };
		AC48556924083CDA009D81AA /* Tela1ViewController.swift */ = {isa = PBXFileReference; lastKnownFileType = sourcecode.swift; path = Tela1ViewController.swift; sourceTree = "<group>"; };
		AC48556A24083CDA009D81AA /* Tela1ViewController.xib */ = {isa = PBXFileReference; lastKnownFileType = file.xib; path = Tela1ViewController.xib; sourceTree = "<group>"; };
		AC48556F24083DF6009D81AA /* Tela2ViewController.swift */ = {isa = PBXFileReference; lastKnownFileType = sourcecode.swift; path = Tela2ViewController.swift; sourceTree = "<group>"; };
		AC48557024083DF6009D81AA /* Tela2ViewController.xib */ = {isa = PBXFileReference; lastKnownFileType = file.xib; path = Tela2ViewController.xib; sourceTree = "<group>"; };
		AC4D949A240C1748002CF0DB /* MetasCollectionViewCell.swift */ = {isa = PBXFileReference; fileEncoding = 4; lastKnownFileType = sourcecode.swift; path = MetasCollectionViewCell.swift; sourceTree = "<group>"; };
		AC4D949B240C1748002CF0DB /* TarefasCollectionViewCell.swift */ = {isa = PBXFileReference; fileEncoding = 4; lastKnownFileType = sourcecode.swift; path = TarefasCollectionViewCell.swift; sourceTree = "<group>"; };
		AC4D949F240C2F72002CF0DB /* UsuarioDao.swift */ = {isa = PBXFileReference; lastKnownFileType = sourcecode.swift; path = UsuarioDao.swift; sourceTree = "<group>"; };
		AC5109DA241748FB00113FB1 /* MetaTableViewCell.swift */ = {isa = PBXFileReference; lastKnownFileType = sourcecode.swift; path = MetaTableViewCell.swift; sourceTree = "<group>"; };
		AC5109DE2417582800113FB1 /* ScannerQRCodeViewController.swift */ = {isa = PBXFileReference; lastKnownFileType = sourcecode.swift; path = ScannerQRCodeViewController.swift; sourceTree = "<group>"; };
		AC5109DF2417582800113FB1 /* ScannerQRCodeViewController.xib */ = {isa = PBXFileReference; lastKnownFileType = file.xib; path = ScannerQRCodeViewController.xib; sourceTree = "<group>"; };
		AC5109E32417686E00113FB1 /* CadastroUsuarioViewController.swift */ = {isa = PBXFileReference; lastKnownFileType = sourcecode.swift; path = CadastroUsuarioViewController.swift; sourceTree = "<group>"; };
		AC5109E42417686E00113FB1 /* CadastroUsuarioViewController.xib */ = {isa = PBXFileReference; lastKnownFileType = file.xib; path = CadastroUsuarioViewController.xib; sourceTree = "<group>"; };
		AC58EE21241616DE00CEB18B /* CadastroMetaViewController.swift */ = {isa = PBXFileReference; lastKnownFileType = sourcecode.swift; path = CadastroMetaViewController.swift; sourceTree = "<group>"; };
		AC58EE22241616DE00CEB18B /* CadastroMetaViewController.xib */ = {isa = PBXFileReference; lastKnownFileType = file.xib; path = CadastroMetaViewController.xib; sourceTree = "<group>"; };
		AC58EE25241622DB00CEB18B /* MetaDao.swift */ = {isa = PBXFileReference; lastKnownFileType = sourcecode.swift; path = MetaDao.swift; sourceTree = "<group>"; };
		AC58EE272416234500CEB18B /* Meta.swift */ = {isa = PBXFileReference; lastKnownFileType = sourcecode.swift; path = Meta.swift; sourceTree = "<group>"; };
		AC6123A823F25D2F00C4DEA1 /* TarefaTableViewCell.swift */ = {isa = PBXFileReference; lastKnownFileType = sourcecode.swift; path = TarefaTableViewCell.swift; sourceTree = "<group>"; };
		AC654E0524365D0100043169 /* CardCollectionViewCell.swift */ = {isa = PBXFileReference; lastKnownFileType = sourcecode.swift; path = CardCollectionViewCell.swift; sourceTree = "<group>"; };
		AC654E072436719700043169 /* DateUtil.swift */ = {isa = PBXFileReference; lastKnownFileType = sourcecode.swift; path = DateUtil.swift; sourceTree = "<group>"; };
		AC702FC723FC4DD500F86049 /* ConviteViewController.swift */ = {isa = PBXFileReference; lastKnownFileType = sourcecode.swift; path = ConviteViewController.swift; sourceTree = "<group>"; };
		AC702FC823FC4DD500F86049 /* ConviteViewController.xib */ = {isa = PBXFileReference; lastKnownFileType = file.xib; path = ConviteViewController.xib; sourceTree = "<group>"; };
		AC702FCB23FCC6C700F86049 /* Mensagem.swift */ = {isa = PBXFileReference; lastKnownFileType = sourcecode.swift; path = Mensagem.swift; sourceTree = "<group>"; };
		AC702FCE23FCC74500F86049 /* Usuario.swift */ = {isa = PBXFileReference; lastKnownFileType = sourcecode.swift; path = Usuario.swift; sourceTree = "<group>"; };
		AC7461F4240EC7C1000795C6 /* PerfilViewController.swift */ = {isa = PBXFileReference; lastKnownFileType = sourcecode.swift; path = PerfilViewController.swift; sourceTree = "<group>"; };
		AC7927CC2424566C0082DAAC /* MembroTableViewCell.swift */ = {isa = PBXFileReference; lastKnownFileType = sourcecode.swift; path = MembroTableViewCell.swift; sourceTree = "<group>"; };
		AC7927CE24245A0C0082DAAC /* Tarefa.swift */ = {isa = PBXFileReference; lastKnownFileType = sourcecode.swift; path = Tarefa.swift; sourceTree = "<group>"; };
		AC7927D02424601C0082DAAC /* ListaMembrosTableViewController.swift */ = {isa = PBXFileReference; lastKnownFileType = sourcecode.swift; path = ListaMembrosTableViewController.swift; sourceTree = "<group>"; };
		AC7927D12424601C0082DAAC /* ListaMembrosTableViewController.xib */ = {isa = PBXFileReference; lastKnownFileType = file.xib; path = ListaMembrosTableViewController.xib; sourceTree = "<group>"; };
		AC794AD8243F998600F50F4C /* GoogleService-Info.plist */ = {isa = PBXFileReference; fileEncoding = 4; lastKnownFileType = text.plist.xml; path = "GoogleService-Info.plist"; sourceTree = "<group>"; };
		AC852B7124271F22001D86E4 /* TarefaDao.swift */ = {isa = PBXFileReference; lastKnownFileType = sourcecode.swift; path = TarefaDao.swift; sourceTree = "<group>"; };
		AC85E1CB24198020009D4310 /* MembrosViewController.swift */ = {isa = PBXFileReference; lastKnownFileType = sourcecode.swift; path = MembrosViewController.swift; sourceTree = "<group>"; };
		AC8896FF243EC59900B73F09 /* Family DayRelease.entitlements */ = {isa = PBXFileReference; lastKnownFileType = text.plist.entitlements; path = "Family DayRelease.entitlements"; sourceTree = "<group>"; };
		AC8B01A223FCCB8100F4B79E /* MenuOpcoesEnvio.swift */ = {isa = PBXFileReference; lastKnownFileType = sourcecode.swift; path = MenuOpcoesEnvio.swift; sourceTree = "<group>"; };
		AC8BAA33241D46D100DEA8A6 /* CadastrarTarefaViewController.swift */ = {isa = PBXFileReference; lastKnownFileType = sourcecode.swift; path = CadastrarTarefaViewController.swift; sourceTree = "<group>"; };
		AC8E4C2E24345190008B595D /* FotoCollectionViewCell.swift */ = {isa = PBXFileReference; lastKnownFileType = sourcecode.swift; path = FotoCollectionViewCell.swift; sourceTree = "<group>"; };
		AC8E4C2F24345190008B595D /* FotoCollectionViewCell.xib */ = {isa = PBXFileReference; lastKnownFileType = file.xib; path = FotoCollectionViewCell.xib; sourceTree = "<group>"; };
		AC8FC782243E607A00C48392 /* FirebaseDao.swift */ = {isa = PBXFileReference; lastKnownFileType = sourcecode.swift; path = FirebaseDao.swift; sourceTree = "<group>"; };
		AC9D47FA241812DE008ABF46 /* AjustesViewController.swift */ = {isa = PBXFileReference; lastKnownFileType = sourcecode.swift; path = AjustesViewController.swift; sourceTree = "<group>"; };
		ACADB82424152B060087FC24 /* Utils.swift */ = {isa = PBXFileReference; lastKnownFileType = sourcecode.swift; path = Utils.swift; sourceTree = "<group>"; };
		ACB4504B2411E56800B4FF5F /* FamiliaDao.swift */ = {isa = PBXFileReference; lastKnownFileType = sourcecode.swift; path = FamiliaDao.swift; sourceTree = "<group>"; };
		ACB7C59F23EB35D60010D603 /* Family Day.app */ = {isa = PBXFileReference; explicitFileType = wrapper.application; includeInIndex = 0; path = "Family Day.app"; sourceTree = BUILT_PRODUCTS_DIR; };
		ACB7C5A223EB35D60010D603 /* AppDelegate.swift */ = {isa = PBXFileReference; lastKnownFileType = sourcecode.swift; path = AppDelegate.swift; sourceTree = "<group>"; };
		ACB7C5A423EB35D60010D603 /* SceneDelegate.swift */ = {isa = PBXFileReference; lastKnownFileType = sourcecode.swift; path = SceneDelegate.swift; sourceTree = "<group>"; };
		ACB7C5A923EB35D60010D603 /* Base */ = {isa = PBXFileReference; lastKnownFileType = file.storyboard; name = Base; path = Base.lproj/Main.storyboard; sourceTree = "<group>"; };
		ACB7C5AB23EB35D70010D603 /* Assets.xcassets */ = {isa = PBXFileReference; lastKnownFileType = folder.assetcatalog; path = Assets.xcassets; sourceTree = "<group>"; };
		ACB7C5AE23EB35D70010D603 /* Base */ = {isa = PBXFileReference; lastKnownFileType = file.storyboard; name = Base; path = Base.lproj/LaunchScreen.storyboard; sourceTree = "<group>"; };
		ACB7C5B023EB35D70010D603 /* Info.plist */ = {isa = PBXFileReference; lastKnownFileType = text.plist.xml; path = Info.plist; sourceTree = "<group>"; };
		ACB7C5B623EB404E0010D603 /* LoginViewController.swift */ = {isa = PBXFileReference; lastKnownFileType = sourcecode.swift; path = LoginViewController.swift; sourceTree = "<group>"; };
		ACB7F960242A5981006267D4 /* Historico.swift */ = {isa = PBXFileReference; lastKnownFileType = sourcecode.swift; path = Historico.swift; sourceTree = "<group>"; };
		ACDA89042421DBD400F0488F /* CadastrarTarefaViewController.xib */ = {isa = PBXFileReference; fileEncoding = 4; lastKnownFileType = file.xib; path = CadastrarTarefaViewController.xib; sourceTree = "<group>"; };
		ACF264C92416E36A00BC621E /* TabMetasViewController.swift */ = {isa = PBXFileReference; lastKnownFileType = sourcecode.swift; path = TabMetasViewController.swift; sourceTree = "<group>"; };
		ACFED43524098FA30094727F /* Configuration.swift */ = {isa = PBXFileReference; lastKnownFileType = sourcecode.swift; path = Configuration.swift; sourceTree = "<group>"; };
		DC06847E0BC8D0C412ED3EE8 /* Pods_FamilyDay.framework */ = {isa = PBXFileReference; explicitFileType = wrapper.framework; includeInIndex = 0; path = Pods_FamilyDay.framework; sourceTree = BUILT_PRODUCTS_DIR; };
/* End PBXFileReference section */

/* Begin PBXFrameworksBuildPhase section */
		ACB7C59C23EB35D60010D603 /* Frameworks */ = {
			isa = PBXFrameworksBuildPhase;
			buildActionMask = 2147483647;
			files = (
				AC8BAA32241D392A00DEA8A6 /* SwiftyJSON in Frameworks */,
				AC6F18D6240AA9E8003DC31D /* Alamofire in Frameworks */,
				FE6E4EF75E741B37344B5E9C /* Pods_FamilyDay.framework in Frameworks */,
			);
			runOnlyForDeploymentPostprocessing = 0;
		};
/* End PBXFrameworksBuildPhase section */

/* Begin PBXGroup section */
		A6521813310D0E3AD4D425E2 /* Pods */ = {
			isa = PBXGroup;
			children = (
				223242D465CAE040E143D103 /* Pods-FamilyDay.debug.xcconfig */,
				88AC3E2E75B34BBB840D0616 /* Pods-FamilyDay.release.xcconfig */,
			);
			path = Pods;
			sourceTree = "<group>";
		};
		AC1428D62412B7DA00BDBD27 /* CadastroMembro */ = {
			isa = PBXGroup;
			children = (
				AC1428D82412B80500BDBD27 /* CadastroMembroViewController.xib */,
				AC1428D72412B80500BDBD27 /* CadastroMembroViewController.swift */,
			);
			path = CadastroMembro;
			sourceTree = "<group>";
		};
		AC1BB46223EDD8DC00AA88F5 /* TabHome */ = {
			isa = PBXGroup;
			children = (
				AC4D9499240C1715002CF0DB /* View */,
				AC1BB46523EDD90700AA88F5 /* Controller */,
			);
			path = TabHome;
			sourceTree = "<group>";
		};
		AC1BB46523EDD90700AA88F5 /* Controller */ = {
			isa = PBXGroup;
			children = (
				AC1BB46323EDD90300AA88F5 /* HomeViewController.swift */,
			);
			path = Controller;
			sourceTree = "<group>";
		};
		AC1BB46623EDD99C00AA88F5 /* TabTarefas */ = {
			isa = PBXGroup;
			children = (
				AC6123A723F25D1100C4DEA1 /* View */,
				AC1BB46723EDD9A200AA88F5 /* Controller */,
			);
			path = TabTarefas;
			sourceTree = "<group>";
		};
		AC1BB46723EDD9A200AA88F5 /* Controller */ = {
			isa = PBXGroup;
			children = (
				AC3A2706243157F5009A9E09 /* TarefasTableViewController.swift */,
				AC6123A823F25D2F00C4DEA1 /* TarefaTableViewCell.swift */,
				AC1A0DA923F470970037AAB7 /* DetalhesTarefaViewController.swift */,
				AC3C2F7E24305895002E0564 /* TarefasDashViewController.swift */,
				AC2BCD952434489F000CEFD6 /* ConclusaoTarefaViewController.swift */,
				AC8E4C2E24345190008B595D /* FotoCollectionViewCell.swift */,
				AC654E0524365D0100043169 /* CardCollectionViewCell.swift */,
			);
			path = Controller;
			sourceTree = "<group>";
		};
		AC48556824083CAB009D81AA /* Tutorial */ = {
			isa = PBXGroup;
			children = (
				AC48556D24083CE4009D81AA /* Tela1 */,
				AC48556E24083DE2009D81AA /* Tela2 */,
			);
			path = Tutorial;
			sourceTree = "<group>";
		};
		AC48556D24083CE4009D81AA /* Tela1 */ = {
			isa = PBXGroup;
			children = (
				AC48556A24083CDA009D81AA /* Tela1ViewController.xib */,
				AC48556924083CDA009D81AA /* Tela1ViewController.swift */,
			);
			path = Tela1;
			sourceTree = "<group>";
		};
		AC48556E24083DE2009D81AA /* Tela2 */ = {
			isa = PBXGroup;
			children = (
				AC48557024083DF6009D81AA /* Tela2ViewController.xib */,
				AC48556F24083DF6009D81AA /* Tela2ViewController.swift */,
			);
			path = Tela2;
			sourceTree = "<group>";
		};
		AC4D9499240C1715002CF0DB /* View */ = {
			isa = PBXGroup;
			children = (
				AC4D949A240C1748002CF0DB /* MetasCollectionViewCell.swift */,
				AC4D949B240C1748002CF0DB /* TarefasCollectionViewCell.swift */,
			);
			path = View;
			sourceTree = "<group>";
		};
		AC4D949E240C2F52002CF0DB /* Dao */ = {
			isa = PBXGroup;
			children = (
				AC4D949F240C2F72002CF0DB /* UsuarioDao.swift */,
				ACB4504B2411E56800B4FF5F /* FamiliaDao.swift */,
				AC58EE25241622DB00CEB18B /* MetaDao.swift */,
				AC852B7124271F22001D86E4 /* TarefaDao.swift */,
				AC8FC782243E607A00C48392 /* FirebaseDao.swift */,
			);
			path = Dao;
			sourceTree = "<group>";
		};
		AC4F675723EDD1A700D07641 /* CadastroUsuario */ = {
			isa = PBXGroup;
			children = (
				AC5109E42417686E00113FB1 /* CadastroUsuarioViewController.xib */,
				AC5109E32417686E00113FB1 /* CadastroUsuarioViewController.swift */,
			);
			path = CadastroUsuario;
			sourceTree = "<group>";
		};
		AC5109E22417582C00113FB1 /* ScannerQRCode */ = {
			isa = PBXGroup;
			children = (
				AC5109DF2417582800113FB1 /* ScannerQRCodeViewController.xib */,
				AC5109DE2417582800113FB1 /* ScannerQRCodeViewController.swift */,
			);
			path = ScannerQRCode;
			sourceTree = "<group>";
		};
		AC559BE823F4EB8C000B7EA5 /* Componentes */ = {
			isa = PBXGroup;
			children = (
				AC702FCB23FCC6C700F86049 /* Mensagem.swift */,
				AC8B01A223FCCB8100F4B79E /* MenuOpcoesEnvio.swift */,
				ACFED43524098FA30094727F /* Configuration.swift */,
				ACADB82424152B060087FC24 /* Utils.swift */,
				AC654E072436719700043169 /* DateUtil.swift */,
			);
			path = Componentes;
			sourceTree = "<group>";
		};
		AC58EE1E241616A700CEB18B /* CadastroMeta */ = {
			isa = PBXGroup;
			children = (
				AC58EE22241616DE00CEB18B /* CadastroMetaViewController.xib */,
				AC58EE21241616DE00CEB18B /* CadastroMetaViewController.swift */,
			);
			name = CadastroMeta;
			path = Componentes/CadastroMeta;
			sourceTree = "<group>";
		};
		AC6123A723F25D1100C4DEA1 /* View */ = {
			isa = PBXGroup;
			children = (
				AC1A0DAA23F470970037AAB7 /* DetalhesTarefaViewController.xib */,
				AC2BCD962434489F000CEFD6 /* ConclusaoTarefaViewController.xib */,
				AC8E4C2F24345190008B595D /* FotoCollectionViewCell.xib */,
			);
			path = View;
			sourceTree = "<group>";
		};
		AC702FC423FC4B2D00F86049 /* Convite */ = {
			isa = PBXGroup;
			children = (
				AC702FC823FC4DD500F86049 /* ConviteViewController.xib */,
				AC702FC723FC4DD500F86049 /* ConviteViewController.swift */,
			);
			path = Convite;
			sourceTree = "<group>";
		};
		AC702FCD23FCC6F700F86049 /* Model */ = {
			isa = PBXGroup;
			children = (
				AC702FCE23FCC74500F86049 /* Usuario.swift */,
				AC58EE272416234500CEB18B /* Meta.swift */,
				AC7927CE24245A0C0082DAAC /* Tarefa.swift */,
				ACB7F960242A5981006267D4 /* Historico.swift */,
			);
			path = Model;
			sourceTree = "<group>";
		};
		AC7461F6240EC7CC000795C6 /* Perfil */ = {
			isa = PBXGroup;
			children = (
				AC7461F4240EC7C1000795C6 /* PerfilViewController.swift */,
			);
			path = Perfil;
			sourceTree = "<group>";
		};
		AC85E1CD24198027009D4310 /* TabMembros */ = {
			isa = PBXGroup;
			children = (
				AC85E1CB24198020009D4310 /* MembrosViewController.swift */,
				AC7927CC2424566C0082DAAC /* MembroTableViewCell.swift */,
				AC362A38242ED7BB00A6DAE1 /* DetalhesUsuarioViewController.xib */,
				AC362A37242ED7BB00A6DAE1 /* DetalhesUsuarioViewController.swift */,
			);
			path = TabMembros;
			sourceTree = "<group>";
		};
		AC8BAA37241D46EC00DEA8A6 /* CadastroTarefa */ = {
			isa = PBXGroup;
			children = (
				ACDA89042421DBD400F0488F /* CadastrarTarefaViewController.xib */,
				AC8BAA33241D46D100DEA8A6 /* CadastrarTarefaViewController.swift */,
				AC36367C2423E7E3001D90DF /* DiasDaSemanaTableViewController.xib */,
				AC36367B2423E7E3001D90DF /* DiasDaSemanaTableViewController.swift */,
				AC363687242411B8001D90DF /* DiaDaSemanaViewCell.xib */,
				AC34D1892427B8FE00C76BA7 /* DiaDaSemanaTableViewCell.swift */,
				AC7927D12424601C0082DAAC /* ListaMembrosTableViewController.xib */,
				AC7927D02424601C0082DAAC /* ListaMembrosTableViewController.swift */,
				AC34D1872427B86400C76BA7 /* ComprovacaoViewCell.xib */,
				AC34D18B2427B94800C76BA7 /* ComprovacaoTableViewCell.swift */,
			);
			path = CadastroTarefa;
			sourceTree = "<group>";
		};
		AC9D47FC241812E2008ABF46 /* TabAjustes */ = {
			isa = PBXGroup;
			children = (
				AC9D47FA241812DE008ABF46 /* AjustesViewController.swift */,
			);
			path = TabAjustes;
			sourceTree = "<group>";
		};
		ACB7C59623EB35D60010D603 = {
			isa = PBXGroup;
			children = (
				ACB7C5A123EB35D60010D603 /* FamilyDay */,
				ACB7C5A023EB35D60010D603 /* Products */,
				A6521813310D0E3AD4D425E2 /* Pods */,
				C27F42CE54FDD79838E43492 /* Frameworks */,
			);
			sourceTree = "<group>";
		};
		ACB7C5A023EB35D60010D603 /* Products */ = {
			isa = PBXGroup;
			children = (
				ACB7C59F23EB35D60010D603 /* Family Day.app */,
			);
			name = Products;
			sourceTree = "<group>";
		};
		ACB7C5A123EB35D60010D603 /* FamilyDay */ = {
			isa = PBXGroup;
			children = (
				AC8896FF243EC59900B73F09 /* Family DayRelease.entitlements */,
				ACB7C5A223EB35D60010D603 /* AppDelegate.swift */,
				ACB7C5A423EB35D60010D603 /* SceneDelegate.swift */,
				ACB7C5A823EB35D60010D603 /* Main.storyboard */,
				ACB7C5AD23EB35D70010D603 /* LaunchScreen.storyboard */,
				AC702FCD23FCC6F700F86049 /* Model */,
				AC4D949E240C2F52002CF0DB /* Dao */,
				ACB7C5B823EB40530010D603 /* Login */,
				AC1BB46223EDD8DC00AA88F5 /* TabHome */,
				AC1BB46623EDD99C00AA88F5 /* TabTarefas */,
				ACF264CB2416E36F00BC621E /* TabMetas */,
				AC85E1CD24198027009D4310 /* TabMembros */,
				AC9D47FC241812E2008ABF46 /* TabAjustes */,
				AC4F675723EDD1A700D07641 /* CadastroUsuario */,
				AC8BAA37241D46EC00DEA8A6 /* CadastroTarefa */,
				AC1428D62412B7DA00BDBD27 /* CadastroMembro */,
				AC58EE1E241616A700CEB18B /* CadastroMeta */,
				AC48556824083CAB009D81AA /* Tutorial */,
				AC7461F6240EC7CC000795C6 /* Perfil */,
				AC702FC423FC4B2D00F86049 /* Convite */,
				AC5109E22417582C00113FB1 /* ScannerQRCode */,
				AC559BE823F4EB8C000B7EA5 /* Componentes */,
				ACB7C5AB23EB35D70010D603 /* Assets.xcassets */,
				ACB7C5B023EB35D70010D603 /* Info.plist */,
				AC794AD8243F998600F50F4C /* GoogleService-Info.plist */,
			);
			path = FamilyDay;
			sourceTree = "<group>";
		};
		ACB7C5B823EB40530010D603 /* Login */ = {
			isa = PBXGroup;
			children = (
				ACB7C5B923EB40600010D603 /* Controller */,
			);
			path = Login;
			sourceTree = "<group>";
		};
		ACB7C5B923EB40600010D603 /* Controller */ = {
			isa = PBXGroup;
			children = (
				ACB7C5B623EB404E0010D603 /* LoginViewController.swift */,
			);
			path = Controller;
			sourceTree = "<group>";
		};
		ACF264CB2416E36F00BC621E /* TabMetas */ = {
			isa = PBXGroup;
			children = (
				ACF264C92416E36A00BC621E /* TabMetasViewController.swift */,
				AC5109DA241748FB00113FB1 /* MetaTableViewCell.swift */,
			);
			path = TabMetas;
			sourceTree = "<group>";
		};
		C27F42CE54FDD79838E43492 /* Frameworks */ = {
			isa = PBXGroup;
			children = (
				DC06847E0BC8D0C412ED3EE8 /* Pods_FamilyDay.framework */,
			);
			name = Frameworks;
			sourceTree = "<group>";
		};
/* End PBXGroup section */

/* Begin PBXNativeTarget section */
		ACB7C59E23EB35D60010D603 /* FamilyDay */ = {
			isa = PBXNativeTarget;
			buildConfigurationList = ACB7C5B323EB35D70010D603 /* Build configuration list for PBXNativeTarget "FamilyDay" */;
			buildPhases = (
				9D093BC784EF970ED7B7DBFA /* [CP] Check Pods Manifest.lock */,
				ACB7C59B23EB35D60010D603 /* Sources */,
				ACB7C59C23EB35D60010D603 /* Frameworks */,
				ACB7C59D23EB35D60010D603 /* Resources */,
				E6BCF98B15A50179A2E7111E /* [CP] Embed Pods Frameworks */,
			);
			buildRules = (
			);
			dependencies = (
			);
			name = FamilyDay;
			packageProductDependencies = (
				AC6F18D5240AA9E8003DC31D /* Alamofire */,
				AC8BAA31241D392A00DEA8A6 /* SwiftyJSON */,
			);
			productName = FamilyDay;
			productReference = ACB7C59F23EB35D60010D603 /* Family Day.app */;
			productType = "com.apple.product-type.application";
		};
/* End PBXNativeTarget section */

/* Begin PBXProject section */
		ACB7C59723EB35D60010D603 /* Project object */ = {
			isa = PBXProject;
			attributes = {
				LastSwiftUpdateCheck = 1130;
				LastUpgradeCheck = 1130;
				ORGANIZATIONNAME = "Alexandre Robaert";
				TargetAttributes = {
					ACB7C59E23EB35D60010D603 = {
						CreatedOnToolsVersion = 11.3.1;
					};
				};
			};
			buildConfigurationList = ACB7C59A23EB35D60010D603 /* Build configuration list for PBXProject "FamilyDay" */;
			compatibilityVersion = "Xcode 9.3";
			developmentRegion = en;
			hasScannedForEncodings = 0;
			knownRegions = (
				en,
				Base,
			);
			mainGroup = ACB7C59623EB35D60010D603;
			packageReferences = (
				AC6F18D4240AA9E8003DC31D /* XCRemoteSwiftPackageReference "Alamofire" */,
				AC8BAA30241D392A00DEA8A6 /* XCRemoteSwiftPackageReference "SwiftyJSON" */,
			);
			productRefGroup = ACB7C5A023EB35D60010D603 /* Products */;
			projectDirPath = "";
			projectRoot = "";
			targets = (
				ACB7C59E23EB35D60010D603 /* FamilyDay */,
			);
		};
/* End PBXProject section */

/* Begin PBXResourcesBuildPhase section */
		ACB7C59D23EB35D60010D603 /* Resources */ = {
			isa = PBXResourcesBuildPhase;
			buildActionMask = 2147483647;
			files = (
				AC48556C24083CDA009D81AA /* Tela1ViewController.xib in Resources */,
				AC8E4C3124345190008B595D /* FotoCollectionViewCell.xib in Resources */,
				AC58EE24241616DE00CEB18B /* CadastroMetaViewController.xib in Resources */,
				ACB7C5AF23EB35D70010D603 /* LaunchScreen.storyboard in Resources */,
				ACDA89052421DBD400F0488F /* CadastrarTarefaViewController.xib in Resources */,
				ACB7C5AC23EB35D70010D603 /* Assets.xcassets in Resources */,
				AC36367E2423E7E3001D90DF /* DiasDaSemanaTableViewController.xib in Resources */,
				AC5109E62417686E00113FB1 /* CadastroUsuarioViewController.xib in Resources */,
				AC2BCD982434489F000CEFD6 /* ConclusaoTarefaViewController.xib in Resources */,
				AC1A0DAC23F470970037AAB7 /* DetalhesTarefaViewController.xib in Resources */,
				AC7927D32424601C0082DAAC /* ListaMembrosTableViewController.xib in Resources */,
				AC702FCA23FC4DD500F86049 /* ConviteViewController.xib in Resources */,
				AC362A3A242ED7BB00A6DAE1 /* DetalhesUsuarioViewController.xib in Resources */,
				AC48557224083DF6009D81AA /* Tela2ViewController.xib in Resources */,
				AC5109E12417582800113FB1 /* ScannerQRCodeViewController.xib in Resources */,
				AC363688242411B8001D90DF /* DiaDaSemanaViewCell.xib in Resources */,
				AC1428DA2412B80500BDBD27 /* CadastroMembroViewController.xib in Resources */,
				AC794AD9243F998600F50F4C /* GoogleService-Info.plist in Resources */,
				AC34D1882427B86400C76BA7 /* ComprovacaoViewCell.xib in Resources */,
				ACB7C5AA23EB35D60010D603 /* Main.storyboard in Resources */,
			);
			runOnlyForDeploymentPostprocessing = 0;
		};
/* End PBXResourcesBuildPhase section */

/* Begin PBXShellScriptBuildPhase section */
		9D093BC784EF970ED7B7DBFA /* [CP] Check Pods Manifest.lock */ = {
			isa = PBXShellScriptBuildPhase;
			buildActionMask = 2147483647;
			files = (
			);
			inputFileListPaths = (
			);
			inputPaths = (
				"${PODS_PODFILE_DIR_PATH}/Podfile.lock",
				"${PODS_ROOT}/Manifest.lock",
			);
			name = "[CP] Check Pods Manifest.lock";
			outputFileListPaths = (
			);
			outputPaths = (
				"$(DERIVED_FILE_DIR)/Pods-FamilyDay-checkManifestLockResult.txt",
			);
			runOnlyForDeploymentPostprocessing = 0;
			shellPath = /bin/sh;
			shellScript = "diff \"${PODS_PODFILE_DIR_PATH}/Podfile.lock\" \"${PODS_ROOT}/Manifest.lock\" > /dev/null\nif [ $? != 0 ] ; then\n    # print error to STDERR\n    echo \"error: The sandbox is not in sync with the Podfile.lock. Run 'pod install' or update your CocoaPods installation.\" >&2\n    exit 1\nfi\n# This output is used by Xcode 'outputs' to avoid re-running this script phase.\necho \"SUCCESS\" > \"${SCRIPT_OUTPUT_FILE_0}\"\n";
			showEnvVarsInLog = 0;
		};
		E6BCF98B15A50179A2E7111E /* [CP] Embed Pods Frameworks */ = {
			isa = PBXShellScriptBuildPhase;
			buildActionMask = 2147483647;
			files = (
			);
			inputFileListPaths = (
				"${PODS_ROOT}/Target Support Files/Pods-FamilyDay/Pods-FamilyDay-frameworks-${CONFIGURATION}-input-files.xcfilelist",
			);
			name = "[CP] Embed Pods Frameworks";
			outputFileListPaths = (
				"${PODS_ROOT}/Target Support Files/Pods-FamilyDay/Pods-FamilyDay-frameworks-${CONFIGURATION}-output-files.xcfilelist",
			);
			runOnlyForDeploymentPostprocessing = 0;
			shellPath = /bin/sh;
			shellScript = "\"${PODS_ROOT}/Target Support Files/Pods-FamilyDay/Pods-FamilyDay-frameworks.sh\"\n";
			showEnvVarsInLog = 0;
		};
/* End PBXShellScriptBuildPhase section */

/* Begin PBXSourcesBuildPhase section */
		ACB7C59B23EB35D60010D603 /* Sources */ = {
			isa = PBXSourcesBuildPhase;
			buildActionMask = 2147483647;
			files = (
				AC8BAA35241D46D100DEA8A6 /* CadastrarTarefaViewController.swift in Sources */,
				AC5109DB241748FB00113FB1 /* MetaTableViewCell.swift in Sources */,
				AC34D18A2427B8FE00C76BA7 /* DiaDaSemanaTableViewCell.swift in Sources */,
				AC8FC783243E607A00C48392 /* FirebaseDao.swift in Sources */,
				AC36367D2423E7E3001D90DF /* DiasDaSemanaTableViewController.swift in Sources */,
				AC702FCF23FCC74500F86049 /* Usuario.swift in Sources */,
				AC702FCC23FCC6C700F86049 /* Mensagem.swift in Sources */,
				AC654E082436719700043169 /* DateUtil.swift in Sources */,
				AC7927CD2424566C0082DAAC /* MembroTableViewCell.swift in Sources */,
				AC852B7224271F22001D86E4 /* TarefaDao.swift in Sources */,
				ACB4504C2411E56800B4FF5F /* FamiliaDao.swift in Sources */,
				AC1BB46423EDD90300AA88F5 /* HomeViewController.swift in Sources */,
				AC5109E02417582800113FB1 /* ScannerQRCodeViewController.swift in Sources */,
				ACB7F961242A5981006267D4 /* Historico.swift in Sources */,
				AC85E1CC24198020009D4310 /* MembrosViewController.swift in Sources */,
				AC8E4C3024345190008B595D /* FotoCollectionViewCell.swift in Sources */,
				AC48557124083DF6009D81AA /* Tela2ViewController.swift in Sources */,
				AC362A39242ED7BB00A6DAE1 /* DetalhesUsuarioViewController.swift in Sources */,
				AC4D949D240C1748002CF0DB /* TarefasCollectionViewCell.swift in Sources */,
				AC3C2F7F24305895002E0564 /* TarefasDashViewController.swift in Sources */,
				AC7927D22424601C0082DAAC /* ListaMembrosTableViewController.swift in Sources */,
				AC7461F5240EC7C1000795C6 /* PerfilViewController.swift in Sources */,
				AC2BCD972434489F000CEFD6 /* ConclusaoTarefaViewController.swift in Sources */,
				AC58EE282416234500CEB18B /* Meta.swift in Sources */,
				AC702FC923FC4DD500F86049 /* ConviteViewController.swift in Sources */,
				ACB7C5B723EB404E0010D603 /* LoginViewController.swift in Sources */,
				AC48556B24083CDA009D81AA /* Tela1ViewController.swift in Sources */,
				AC5109E52417686E00113FB1 /* CadastroUsuarioViewController.swift in Sources */,
				AC9D47FB241812DE008ABF46 /* AjustesViewController.swift in Sources */,
				AC4D949C240C1748002CF0DB /* MetasCollectionViewCell.swift in Sources */,
				AC34D18C2427B94800C76BA7 /* ComprovacaoTableViewCell.swift in Sources */,
				AC1428D92412B80500BDBD27 /* CadastroMembroViewController.swift in Sources */,
				ACADB82524152B060087FC24 /* Utils.swift in Sources */,
				ACFED43624098FA30094727F /* Configuration.swift in Sources */,
				ACB7C5A323EB35D60010D603 /* AppDelegate.swift in Sources */,
				ACF264CA2416E36A00BC621E /* TabMetasViewController.swift in Sources */,
				AC1A0DAB23F470970037AAB7 /* DetalhesTarefaViewController.swift in Sources */,
				ACB7C5A523EB35D60010D603 /* SceneDelegate.swift in Sources */,
				AC654E0624365D0100043169 /* CardCollectionViewCell.swift in Sources */,
				AC58EE23241616DE00CEB18B /* CadastroMetaViewController.swift in Sources */,
				AC7927CF24245A0C0082DAAC /* Tarefa.swift in Sources */,
				AC4D94A0240C2F72002CF0DB /* UsuarioDao.swift in Sources */,
				AC6123A923F25D2F00C4DEA1 /* TarefaTableViewCell.swift in Sources */,
				AC58EE26241622DB00CEB18B /* MetaDao.swift in Sources */,
				AC3A2708243157F5009A9E09 /* TarefasTableViewController.swift in Sources */,
				AC8B01A323FCCB8100F4B79E /* MenuOpcoesEnvio.swift in Sources */,
			);
			runOnlyForDeploymentPostprocessing = 0;
		};
/* End PBXSourcesBuildPhase section */

/* Begin PBXVariantGroup section */
		ACB7C5A823EB35D60010D603 /* Main.storyboard */ = {
			isa = PBXVariantGroup;
			children = (
				ACB7C5A923EB35D60010D603 /* Base */,
			);
			name = Main.storyboard;
			sourceTree = "<group>";
		};
		ACB7C5AD23EB35D70010D603 /* LaunchScreen.storyboard */ = {
			isa = PBXVariantGroup;
			children = (
				ACB7C5AE23EB35D70010D603 /* Base */,
			);
			name = LaunchScreen.storyboard;
			sourceTree = "<group>";
		};
/* End PBXVariantGroup section */

/* Begin XCBuildConfiguration section */
		ACB7C5B123EB35D70010D603 /* Debug */ = {
			isa = XCBuildConfiguration;
			buildSettings = {
				ALWAYS_SEARCH_USER_PATHS = NO;
				CLANG_ANALYZER_NONNULL = YES;
				CLANG_ANALYZER_NUMBER_OBJECT_CONVERSION = YES_AGGRESSIVE;
				CLANG_CXX_LANGUAGE_STANDARD = "gnu++14";
				CLANG_CXX_LIBRARY = "libc++";
				CLANG_ENABLE_MODULES = YES;
				CLANG_ENABLE_OBJC_ARC = YES;
				CLANG_ENABLE_OBJC_WEAK = YES;
				CLANG_WARN_BLOCK_CAPTURE_AUTORELEASING = YES;
				CLANG_WARN_BOOL_CONVERSION = YES;
				CLANG_WARN_COMMA = YES;
				CLANG_WARN_CONSTANT_CONVERSION = YES;
				CLANG_WARN_DEPRECATED_OBJC_IMPLEMENTATIONS = YES;
				CLANG_WARN_DIRECT_OBJC_ISA_USAGE = YES_ERROR;
				CLANG_WARN_DOCUMENTATION_COMMENTS = YES;
				CLANG_WARN_EMPTY_BODY = YES;
				CLANG_WARN_ENUM_CONVERSION = YES;
				CLANG_WARN_INFINITE_RECURSION = YES;
				CLANG_WARN_INT_CONVERSION = YES;
				CLANG_WARN_NON_LITERAL_NULL_CONVERSION = YES;
				CLANG_WARN_OBJC_IMPLICIT_RETAIN_SELF = YES;
				CLANG_WARN_OBJC_LITERAL_CONVERSION = YES;
				CLANG_WARN_OBJC_ROOT_CLASS = YES_ERROR;
				CLANG_WARN_RANGE_LOOP_ANALYSIS = YES;
				CLANG_WARN_STRICT_PROTOTYPES = YES;
				CLANG_WARN_SUSPICIOUS_MOVE = YES;
				CLANG_WARN_UNGUARDED_AVAILABILITY = YES_AGGRESSIVE;
				CLANG_WARN_UNREACHABLE_CODE = YES;
				CLANG_WARN__DUPLICATE_METHOD_MATCH = YES;
				COPY_PHASE_STRIP = NO;
				DEBUG_INFORMATION_FORMAT = dwarf;
				ENABLE_STRICT_OBJC_MSGSEND = YES;
				ENABLE_TESTABILITY = YES;
				GCC_C_LANGUAGE_STANDARD = gnu11;
				GCC_DYNAMIC_NO_PIC = NO;
				GCC_NO_COMMON_BLOCKS = YES;
				GCC_OPTIMIZATION_LEVEL = 0;
				GCC_PREPROCESSOR_DEFINITIONS = (
					"DEBUG=1",
					"$(inherited)",
				);
				GCC_WARN_64_TO_32_BIT_CONVERSION = YES;
				GCC_WARN_ABOUT_RETURN_TYPE = YES_ERROR;
				GCC_WARN_UNDECLARED_SELECTOR = YES;
				GCC_WARN_UNINITIALIZED_AUTOS = YES_AGGRESSIVE;
				GCC_WARN_UNUSED_FUNCTION = YES;
				GCC_WARN_UNUSED_VARIABLE = YES;
				IPHONEOS_DEPLOYMENT_TARGET = 13.2;
				MTL_ENABLE_DEBUG_INFO = INCLUDE_SOURCE;
				MTL_FAST_MATH = YES;
				ONLY_ACTIVE_ARCH = YES;
				SDKROOT = iphoneos;
				SWIFT_ACTIVE_COMPILATION_CONDITIONS = DEBUG;
				SWIFT_OPTIMIZATION_LEVEL = "-Onone";
			};
			name = Debug;
		};
		ACB7C5B223EB35D70010D603 /* Release */ = {
			isa = XCBuildConfiguration;
			buildSettings = {
				ALWAYS_SEARCH_USER_PATHS = NO;
				CLANG_ANALYZER_NONNULL = YES;
				CLANG_ANALYZER_NUMBER_OBJECT_CONVERSION = YES_AGGRESSIVE;
				CLANG_CXX_LANGUAGE_STANDARD = "gnu++14";
				CLANG_CXX_LIBRARY = "libc++";
				CLANG_ENABLE_MODULES = YES;
				CLANG_ENABLE_OBJC_ARC = YES;
				CLANG_ENABLE_OBJC_WEAK = YES;
				CLANG_WARN_BLOCK_CAPTURE_AUTORELEASING = YES;
				CLANG_WARN_BOOL_CONVERSION = YES;
				CLANG_WARN_COMMA = YES;
				CLANG_WARN_CONSTANT_CONVERSION = YES;
				CLANG_WARN_DEPRECATED_OBJC_IMPLEMENTATIONS = YES;
				CLANG_WARN_DIRECT_OBJC_ISA_USAGE = YES_ERROR;
				CLANG_WARN_DOCUMENTATION_COMMENTS = YES;
				CLANG_WARN_EMPTY_BODY = YES;
				CLANG_WARN_ENUM_CONVERSION = YES;
				CLANG_WARN_INFINITE_RECURSION = YES;
				CLANG_WARN_INT_CONVERSION = YES;
				CLANG_WARN_NON_LITERAL_NULL_CONVERSION = YES;
				CLANG_WARN_OBJC_IMPLICIT_RETAIN_SELF = YES;
				CLANG_WARN_OBJC_LITERAL_CONVERSION = YES;
				CLANG_WARN_OBJC_ROOT_CLASS = YES_ERROR;
				CLANG_WARN_RANGE_LOOP_ANALYSIS = YES;
				CLANG_WARN_STRICT_PROTOTYPES = YES;
				CLANG_WARN_SUSPICIOUS_MOVE = YES;
				CLANG_WARN_UNGUARDED_AVAILABILITY = YES_AGGRESSIVE;
				CLANG_WARN_UNREACHABLE_CODE = YES;
				CLANG_WARN__DUPLICATE_METHOD_MATCH = YES;
				COPY_PHASE_STRIP = NO;
				DEBUG_INFORMATION_FORMAT = "dwarf-with-dsym";
				ENABLE_NS_ASSERTIONS = NO;
				ENABLE_STRICT_OBJC_MSGSEND = YES;
				GCC_C_LANGUAGE_STANDARD = gnu11;
				GCC_NO_COMMON_BLOCKS = YES;
				GCC_WARN_64_TO_32_BIT_CONVERSION = YES;
				GCC_WARN_ABOUT_RETURN_TYPE = YES_ERROR;
				GCC_WARN_UNDECLARED_SELECTOR = YES;
				GCC_WARN_UNINITIALIZED_AUTOS = YES_AGGRESSIVE;
				GCC_WARN_UNUSED_FUNCTION = YES;
				GCC_WARN_UNUSED_VARIABLE = YES;
				IPHONEOS_DEPLOYMENT_TARGET = 13.2;
				MTL_ENABLE_DEBUG_INFO = NO;
				MTL_FAST_MATH = YES;
				SDKROOT = iphoneos;
				SWIFT_COMPILATION_MODE = wholemodule;
				SWIFT_OPTIMIZATION_LEVEL = "-O";
				VALIDATE_PRODUCT = YES;
			};
			name = Release;
		};
		ACB7C5B423EB35D70010D603 /* Debug */ = {
			isa = XCBuildConfiguration;
			baseConfigurationReference = 223242D465CAE040E143D103 /* Pods-FamilyDay.debug.xcconfig */;
			buildSettings = {
				ASSETCATALOG_COMPILER_APPICON_NAME = AppIcon;
				CODE_SIGN_IDENTITY = "Apple Development";
				CODE_SIGN_STYLE = Automatic;
				DEVELOPMENT_TEAM = KY9KTSK9G3;
				INFOPLIST_FILE = FamilyDay/Info.plist;
				LD_RUNPATH_SEARCH_PATHS = (
					"$(inherited)",
					"@executable_path/Frameworks",
				);
				PRODUCT_BUNDLE_IDENTIFIER = com.FamilyDay.ios;
				PRODUCT_NAME = "Family Day";
				PROVISIONING_PROFILE_SPECIFIER = "";
				SWIFT_VERSION = 5.0;
				TARGETED_DEVICE_FAMILY = 1;
			};
			name = Debug;
		};
		ACB7C5B523EB35D70010D603 /* Release */ = {
			isa = XCBuildConfiguration;
			baseConfigurationReference = 88AC3E2E75B34BBB840D0616 /* Pods-FamilyDay.release.xcconfig */;
			buildSettings = {
				ASSETCATALOG_COMPILER_APPICON_NAME = AppIcon;
				CODE_SIGN_ENTITLEMENTS = "FamilyDay/Family DayRelease.entitlements";
				CODE_SIGN_IDENTITY = "Apple Development";
				CODE_SIGN_STYLE = Automatic;
				DEVELOPMENT_TEAM = KY9KTSK9G3;
				INFOPLIST_FILE = FamilyDay/Info.plist;
				LD_RUNPATH_SEARCH_PATHS = (
					"$(inherited)",
					"@executable_path/Frameworks",
				);
				PRODUCT_BUNDLE_IDENTIFIER = com.FamilyDay.ios;
				PRODUCT_NAME = "Family Day";
				PROVISIONING_PROFILE_SPECIFIER = "";
				SWIFT_VERSION = 5.0;
				TARGETED_DEVICE_FAMILY = 1;
			};
			name = Release;
		};
/* End XCBuildConfiguration section */

/* Begin XCConfigurationList section */
		ACB7C59A23EB35D60010D603 /* Build configuration list for PBXProject "FamilyDay" */ = {
			isa = XCConfigurationList;
			buildConfigurations = (
				ACB7C5B123EB35D70010D603 /* Debug */,
				ACB7C5B223EB35D70010D603 /* Release */,
			);
			defaultConfigurationIsVisible = 0;
			defaultConfigurationName = Release;
		};
		ACB7C5B323EB35D70010D603 /* Build configuration list for PBXNativeTarget "FamilyDay" */ = {
			isa = XCConfigurationList;
			buildConfigurations = (
				ACB7C5B423EB35D70010D603 /* Debug */,
				ACB7C5B523EB35D70010D603 /* Release */,
			);
			defaultConfigurationIsVisible = 0;
			defaultConfigurationName = Release;
		};
/* End XCConfigurationList section */

/* Begin XCRemoteSwiftPackageReference section */
		AC6F18D4240AA9E8003DC31D /* XCRemoteSwiftPackageReference "Alamofire" */ = {
			isa = XCRemoteSwiftPackageReference;
			repositoryURL = "https://github.com/Alamofire/Alamofire.git";
			requirement = {
				kind = upToNextMajorVersion;
				minimumVersion = 5.0.2;
			};
		};
		AC8BAA30241D392A00DEA8A6 /* XCRemoteSwiftPackageReference "SwiftyJSON" */ = {
			isa = XCRemoteSwiftPackageReference;
			repositoryURL = "https://github.com/SwiftyJSON/SwiftyJSON";
			requirement = {
				kind = upToNextMajorVersion;
				minimumVersion = 5.0.0;
			};
		};
/* End XCRemoteSwiftPackageReference section */

/* Begin XCSwiftPackageProductDependency section */
		AC6F18D5240AA9E8003DC31D /* Alamofire */ = {
			isa = XCSwiftPackageProductDependency;
			package = AC6F18D4240AA9E8003DC31D /* XCRemoteSwiftPackageReference "Alamofire" */;
			productName = Alamofire;
		};
		AC8BAA31241D392A00DEA8A6 /* SwiftyJSON */ = {
			isa = XCSwiftPackageProductDependency;
			package = AC8BAA30241D392A00DEA8A6 /* XCRemoteSwiftPackageReference "SwiftyJSON" */;
			productName = SwiftyJSON;
		};
/* End XCSwiftPackageProductDependency section */
	};
	rootObject = ACB7C59723EB35D60010D603 /* Project object */;
}
